
Microsoft Visual Studio Solution File, Format Version 12.00
# Visual Studio 15
VisualStudioVersion = 15.0.28307.902
MinimumVisualStudioVersion = 10.0.40219.1
Project("{FAE04EC0-301F-11D3-BF4B-00C04F79EFBC}") = "YGTool", "YGTool\YGTool.csproj", "{5ACDB9D1-7880-4952-AA6E-43F2031C056D}"
EndProject
Project("{2150E333-8FDC-42A3-9474-1A3956D46DE8}") = "Solution Items", "Solution Items", "{A095B123-FC7A-42E9-A465-D13735CDE16C}"
	ProjectSection(SolutionItems) = preProject
		README.md = README.md
	EndProjectSection
EndProject
Project("{2150E333-8FDC-42A3-9474-1A3956D46DE8}") = "Assets", "Assets", "{74813E54-32F7-4800-A7FD-A855004C7308}"
	ProjectSection(SolutionItems) = preProject
		Assets\Icone.ico = Assets\Icone.ico
	EndProjectSection
EndProject
Global
	GlobalSection(SolutionConfigurationPlatforms) = preSolution
		Debug|Any CPU = Debug|Any CPU
		Release|Any CPU = Release|Any CPU
	EndGlobalSection
	GlobalSection(ProjectConfigurationPlatforms) = postSolution
		{5ACDB9D1-7880-4952-AA6E-43F2031C056D}.Debug|Any CPU.ActiveCfg = Debug|Any CPU
		{5ACDB9D1-7880-4952-AA6E-43F2031C056D}.Debug|Any CPU.Build.0 = Debug|Any CPU
		{5ACDB9D1-7880-4952-AA6E-43F2031C056D}.Release|Any CPU.ActiveCfg = Release|Any CPU
		{5ACDB9D1-7880-4952-AA6E-43F2031C056D}.Release|Any CPU.Build.0 = Release|Any CPU
	EndGlobalSection
	GlobalSection(SolutionProperties) = preSolution
		HideSolutionNode = FALSE
	EndGlobalSection
	GlobalSection(ExtensibilityGlobals) = postSolution
		SolutionGuid = {FF48DBC6-40D2-4BDD-99FC-E0E72F85CE87}
	EndGlobalSection
EndGlobal
